// !$*UTF8*$!
{
	archiveVersion = 1;
	classes = {
	};
	objectVersion = 56;
	objects = {

/* Begin PBXBuildFile section */
		0C2794AB2C5A5FF0002BCBA5 /* OverviewwNavBar.swift in Sources */ = {isa = PBXBuildFile; fileRef = 0C2794AA2C5A5FF0002BCBA5 /* OverviewwNavBar.swift */; };
		0C2794AD2C5A6024002BCBA5 /* BaseView.swift in Sources */ = {isa = PBXBuildFile; fileRef = 0C2794AC2C5A6024002BCBA5 /* BaseView.swift */; };
		0C2794B02C5A8099002BCBA5 /* WeekView.swift in Sources */ = {isa = PBXBuildFile; fileRef = 0C2794AF2C5A8099002BCBA5 /* WeekView.swift */; };
		0C2794B22C5A8251002BCBA5 /* WeekDayView.swift in Sources */ = {isa = PBXBuildFile; fileRef = 0C2794B12C5A8251002BCBA5 /* WeekDayView.swift */; };
		0C2794B42C5A8E6C002BCBA5 /* Date + ext.swift in Sources */ = {isa = PBXBuildFile; fileRef = 0C2794B32C5A8E6C002BCBA5 /* Date + ext.swift */; };
		0C3CA7992C5605C20096E94A /* AppDelegate.swift in Sources */ = {isa = PBXBuildFile; fileRef = 0C3CA7982C5605C20096E94A /* AppDelegate.swift */; };
		0C3CA79B2C5605C20096E94A /* SceneDelegate.swift in Sources */ = {isa = PBXBuildFile; fileRef = 0C3CA79A2C5605C20096E94A /* SceneDelegate.swift */; };
		0C3CA79D2C5605C20096E94A /* OverviewController.swift in Sources */ = {isa = PBXBuildFile; fileRef = 0C3CA79C2C5605C20096E94A /* OverviewController.swift */; };
		0C3CA7A22C5605C30096E94A /* Assets.xcassets in Resources */ = {isa = PBXBuildFile; fileRef = 0C3CA7A12C5605C30096E94A /* Assets.xcassets */; };
		0C3CA7A52C5605C30096E94A /* Base in Resources */ = {isa = PBXBuildFile; fileRef = 0C3CA7A42C5605C30096E94A /* Base */; };
		0C3CA7AF2C560D730096E94A /* TabBar.swift in Sources */ = {isa = PBXBuildFile; fileRef = 0C3CA7AE2C560D730096E94A /* TabBar.swift */; };
		0C3CA7B22C560E570096E94A /* UIColor + ext.swift in Sources */ = {isa = PBXBuildFile; fileRef = 0C3CA7B12C560E570096E94A /* UIColor + ext.swift */; };
		0C3CA7B42C560EE80096E94A /* Resouces.swift in Sources */ = {isa = PBXBuildFile; fileRef = 0C3CA7B32C560EE80096E94A /* Resouces.swift */; };
		0C3CA7B62C561FB10096E94A /* NavBarController.swift in Sources */ = {isa = PBXBuildFile; fileRef = 0C3CA7B52C561FB10096E94A /* NavBarController.swift */; };
		0C3CA7B92C5621C80096E94A /* BaseController.swift in Sources */ = {isa = PBXBuildFile; fileRef = 0C3CA7B82C5621C80096E94A /* BaseController.swift */; };
		0C3CA7BC2C56260B0096E94A /* UIView + ext.swift in Sources */ = {isa = PBXBuildFile; fileRef = 0C3CA7BB2C56260B0096E94A /* UIView + ext.swift */; };
		0C3CA7C32C5627FA0096E94A /* SettingsController.swift in Sources */ = {isa = PBXBuildFile; fileRef = 0C3CA7C22C5627FA0096E94A /* SettingsController.swift */; };
		0C3CA7C52C5628030096E94A /* ProgressController.swift in Sources */ = {isa = PBXBuildFile; fileRef = 0C3CA7C42C5628030096E94A /* ProgressController.swift */; };
		0C3CA7C72C56280E0096E94A /* SessionController.swift in Sources */ = {isa = PBXBuildFile; fileRef = 0C3CA7C62C56280E0096E94A /* SessionController.swift */; };
		0C3CA7CA2C5689FB0096E94A /* WAButton.swift in Sources */ = {isa = PBXBuildFile; fileRef = 0C3CA7C92C5689FB0096E94A /* WAButton.swift */; };
		0CF088632C63C57C00F16D42 /* BaseInfoView.swift in Sources */ = {isa = PBXBuildFile; fileRef = 0CF088622C63C57C00F16D42 /* BaseInfoView.swift */; };
/* End PBXBuildFile section */

/* Begin PBXFileReference section */
		0C2794AA2C5A5FF0002BCBA5 /* OverviewwNavBar.swift */ = {isa = PBXFileReference; lastKnownFileType = sourcecode.swift; path = OverviewwNavBar.swift; sourceTree = "<group>"; };
		0C2794AC2C5A6024002BCBA5 /* BaseView.swift */ = {isa = PBXFileReference; lastKnownFileType = sourcecode.swift; path = BaseView.swift; sourceTree = "<group>"; };
		0C2794AF2C5A8099002BCBA5 /* WeekView.swift */ = {isa = PBXFileReference; lastKnownFileType = sourcecode.swift; path = WeekView.swift; sourceTree = "<group>"; };
		0C2794B12C5A8251002BCBA5 /* WeekDayView.swift */ = {isa = PBXFileReference; lastKnownFileType = sourcecode.swift; path = WeekDayView.swift; sourceTree = "<group>"; };
		0C2794B32C5A8E6C002BCBA5 /* Date + ext.swift */ = {isa = PBXFileReference; lastKnownFileType = sourcecode.swift; path = "Date + ext.swift"; sourceTree = "<group>"; };
		0C3CA7952C5605C20096E94A /* Sport Track.app */ = {isa = PBXFileReference; explicitFileType = wrapper.application; includeInIndex = 0; path = "Sport Track.app"; sourceTree = BUILT_PRODUCTS_DIR; };
		0C3CA7982C5605C20096E94A /* AppDelegate.swift */ = {isa = PBXFileReference; lastKnownFileType = sourcecode.swift; path = AppDelegate.swift; sourceTree = "<group>"; };
		0C3CA79A2C5605C20096E94A /* SceneDelegate.swift */ = {isa = PBXFileReference; lastKnownFileType = sourcecode.swift; path = SceneDelegate.swift; sourceTree = "<group>"; };
		0C3CA79C2C5605C20096E94A /* OverviewController.swift */ = {isa = PBXFileReference; lastKnownFileType = sourcecode.swift; path = OverviewController.swift; sourceTree = "<group>"; };
		0C3CA7A12C5605C30096E94A /* Assets.xcassets */ = {isa = PBXFileReference; lastKnownFileType = folder.assetcatalog; path = Assets.xcassets; sourceTree = "<group>"; };
		0C3CA7A42C5605C30096E94A /* Base */ = {isa = PBXFileReference; lastKnownFileType = file.storyboard; name = Base; path = Base.lproj/LaunchScreen.storyboard; sourceTree = "<group>"; };
		0C3CA7A62C5605C30096E94A /* Info.plist */ = {isa = PBXFileReference; lastKnownFileType = text.plist.xml; path = Info.plist; sourceTree = "<group>"; };
		0C3CA7AE2C560D730096E94A /* TabBar.swift */ = {isa = PBXFileReference; lastKnownFileType = sourcecode.swift; path = TabBar.swift; sourceTree = "<group>"; };
		0C3CA7B12C560E570096E94A /* UIColor + ext.swift */ = {isa = PBXFileReference; lastKnownFileType = sourcecode.swift; path = "UIColor + ext.swift"; sourceTree = "<group>"; };
		0C3CA7B32C560EE80096E94A /* Resouces.swift */ = {isa = PBXFileReference; lastKnownFileType = sourcecode.swift; path = Resouces.swift; sourceTree = "<group>"; };
		0C3CA7B52C561FB10096E94A /* NavBarController.swift */ = {isa = PBXFileReference; lastKnownFileType = sourcecode.swift; path = NavBarController.swift; sourceTree = "<group>"; };
		0C3CA7B82C5621C80096E94A /* BaseController.swift */ = {isa = PBXFileReference; lastKnownFileType = sourcecode.swift; path = BaseController.swift; sourceTree = "<group>"; };
		0C3CA7BB2C56260B0096E94A /* UIView + ext.swift */ = {isa = PBXFileReference; lastKnownFileType = sourcecode.swift; path = "UIView + ext.swift"; sourceTree = "<group>"; };
		0C3CA7C22C5627FA0096E94A /* SettingsController.swift */ = {isa = PBXFileReference; lastKnownFileType = sourcecode.swift; path = SettingsController.swift; sourceTree = "<group>"; };
		0C3CA7C42C5628030096E94A /* ProgressController.swift */ = {isa = PBXFileReference; lastKnownFileType = sourcecode.swift; path = ProgressController.swift; sourceTree = "<group>"; };
		0C3CA7C62C56280E0096E94A /* SessionController.swift */ = {isa = PBXFileReference; lastKnownFileType = sourcecode.swift; path = SessionController.swift; sourceTree = "<group>"; };
		0C3CA7C92C5689FB0096E94A /* WAButton.swift */ = {isa = PBXFileReference; lastKnownFileType = sourcecode.swift; path = WAButton.swift; sourceTree = "<group>"; };
		0C4A167C2C5A95D50021A8A0 /* ru */ = {isa = PBXFileReference; lastKnownFileType = text.plist.strings; name = ru; path = ru.lproj/LaunchScreen.strings; sourceTree = "<group>"; };
		0CF088622C63C57C00F16D42 /* BaseInfoView.swift */ = {isa = PBXFileReference; lastKnownFileType = sourcecode.swift; path = BaseInfoView.swift; sourceTree = "<group>"; };
/* End PBXFileReference section */

/* Begin PBXFrameworksBuildPhase section */
		0C3CA7922C5605C20096E94A /* Frameworks */ = {
			isa = PBXFrameworksBuildPhase;
			buildActionMask = 2147483647;
			files = (
			);
			runOnlyForDeploymentPostprocessing = 0;
		};
/* End PBXFrameworksBuildPhase section */

/* Begin PBXGroup section */
		0C2794AE2C5A807F002BCBA5 /* WeekView */ = {
			isa = PBXGroup;
			children = (
				0C2794AF2C5A8099002BCBA5 /* WeekView.swift */,
				0C2794B12C5A8251002BCBA5 /* WeekDayView.swift */,
			);
			path = WeekView;
			sourceTree = "<group>";
		};
		0C3CA78C2C5605C10096E94A = {
			isa = PBXGroup;
			children = (
				0C3CA7972C5605C20096E94A /* Sport Track */,
				0C3CA7962C5605C20096E94A /* Products */,
			);
			sourceTree = "<group>";
		};
		0C3CA7962C5605C20096E94A /* Products */ = {
			isa = PBXGroup;
			children = (
				0C3CA7952C5605C20096E94A /* Sport Track.app */,
			);
			name = Products;
			sourceTree = "<group>";
		};
		0C3CA7972C5605C20096E94A /* Sport Track */ = {
			isa = PBXGroup;
			children = (
				0C3CA7AC2C5606860096E94A /* Application */,
				0C3CA7B02C560E3B0096E94A /* Helpers */,
				0C3CA7B72C5621AB0096E94A /* Controllers */,
				0C3CA7AD2C5606AA0096E94A /* SupportingFiles */,
			);
			path = "Sport Track";
			sourceTree = "<group>";
		};
		0C3CA7AC2C5606860096E94A /* Application */ = {
			isa = PBXGroup;
			children = (
				0C3CA7982C5605C20096E94A /* AppDelegate.swift */,
				0C3CA79A2C5605C20096E94A /* SceneDelegate.swift */,
			);
			path = Application;
			sourceTree = "<group>";
		};
		0C3CA7AD2C5606AA0096E94A /* SupportingFiles */ = {
			isa = PBXGroup;
			children = (
				0C3CA7A12C5605C30096E94A /* Assets.xcassets */,
				0C3CA7A32C5605C30096E94A /* LaunchScreen.storyboard */,
				0C3CA7A62C5605C30096E94A /* Info.plist */,
			);
			path = SupportingFiles;
			sourceTree = "<group>";
		};
		0C3CA7B02C560E3B0096E94A /* Helpers */ = {
			isa = PBXGroup;
			children = (
				0C3CA7BA2C5625F70096E94A /* Extension */,
				0C3CA7B32C560EE80096E94A /* Resouces.swift */,
			);
			path = Helpers;
			sourceTree = "<group>";
		};
		0C3CA7B72C5621AB0096E94A /* Controllers */ = {
			isa = PBXGroup;
			children = (
				0C3CA7C12C5627E20096E94A /* Settings */,
				0C3CA7C02C5627D70096E94A /* Progress */,
				0C3CA7BF2C5627C80096E94A /* Session */,
				0C3CA7BE2C5627AF0096E94A /* Overview */,
				0C3CA7BD2C5627950096E94A /* Base */,
			);
			path = Controllers;
			sourceTree = "<group>";
		};
		0C3CA7BA2C5625F70096E94A /* Extension */ = {
			isa = PBXGroup;
			children = (
				0C3CA7B12C560E570096E94A /* UIColor + ext.swift */,
				0C2794B32C5A8E6C002BCBA5 /* Date + ext.swift */,
				0C3CA7BB2C56260B0096E94A /* UIView + ext.swift */,
			);
			path = Extension;
			sourceTree = "<group>";
		};
		0C3CA7BD2C5627950096E94A /* Base */ = {
			isa = PBXGroup;
			children = (
				0C3CA7AE2C560D730096E94A /* TabBar.swift */,
				0C3CA7B52C561FB10096E94A /* NavBarController.swift */,
				0C3CA7B82C5621C80096E94A /* BaseController.swift */,
				0C2794AC2C5A6024002BCBA5 /* BaseView.swift */,
				0CF088622C63C57C00F16D42 /* BaseInfoView.swift */,
				0C3CA7C92C5689FB0096E94A /* WAButton.swift */,
			);
			path = Base;
			sourceTree = "<group>";
		};
		0C3CA7BE2C5627AF0096E94A /* Overview */ = {
			isa = PBXGroup;
			children = (
				0C3CA7C82C5689D90096E94A /* Views */,
				0C3CA79C2C5605C20096E94A /* OverviewController.swift */,
			);
			path = Overview;
			sourceTree = "<group>";
		};
		0C3CA7BF2C5627C80096E94A /* Session */ = {
			isa = PBXGroup;
			children = (
				0C3CA7C62C56280E0096E94A /* SessionController.swift */,
			);
			path = Session;
			sourceTree = "<group>";
		};
		0C3CA7C02C5627D70096E94A /* Progress */ = {
			isa = PBXGroup;
			children = (
				0C3CA7C42C5628030096E94A /* ProgressController.swift */,
			);
			path = Progress;
			sourceTree = "<group>";
		};
		0C3CA7C12C5627E20096E94A /* Settings */ = {
			isa = PBXGroup;
			children = (
				0C3CA7C22C5627FA0096E94A /* SettingsController.swift */,
			);
			path = Settings;
			sourceTree = "<group>";
		};
		0C3CA7C82C5689D90096E94A /* Views */ = {
			isa = PBXGroup;
			children = (
				0C2794AE2C5A807F002BCBA5 /* WeekView */,
				0C2794AA2C5A5FF0002BCBA5 /* OverviewwNavBar.swift */,
			);
			path = Views;
			sourceTree = "<group>";
		};
/* End PBXGroup section */

/* Begin PBXNativeTarget section */
		0C3CA7942C5605C20096E94A /* Sport Track */ = {
			isa = PBXNativeTarget;
			buildConfigurationList = 0C3CA7A92C5605C30096E94A /* Build configuration list for PBXNativeTarget "Sport Track" */;
			buildPhases = (
				0C3CA7912C5605C20096E94A /* Sources */,
				0C3CA7922C5605C20096E94A /* Frameworks */,
				0C3CA7932C5605C20096E94A /* Resources */,
			);
			buildRules = (
			);
			dependencies = (
			);
			name = "Sport Track";
			productName = "Sport Track";
			productReference = 0C3CA7952C5605C20096E94A /* Sport Track.app */;
			productType = "com.apple.product-type.application";
		};
/* End PBXNativeTarget section */

/* Begin PBXProject section */
		0C3CA78D2C5605C10096E94A /* Project object */ = {
			isa = PBXProject;
			attributes = {
				BuildIndependentTargetsInParallel = 1;
				LastSwiftUpdateCheck = 1530;
				LastUpgradeCheck = 1530;
				TargetAttributes = {
					0C3CA7942C5605C20096E94A = {
						CreatedOnToolsVersion = 15.3;
					};
				};
			};
			buildConfigurationList = 0C3CA7902C5605C10096E94A /* Build configuration list for PBXProject "Sport Track" */;
			compatibilityVersion = "Xcode 14.0";
			developmentRegion = ru;
			hasScannedForEncodings = 0;
			knownRegions = (
				en,
				Base,
				ru,
			);
			mainGroup = 0C3CA78C2C5605C10096E94A;
			productRefGroup = 0C3CA7962C5605C20096E94A /* Products */;
			projectDirPath = "";
			projectRoot = "";
			targets = (
				0C3CA7942C5605C20096E94A /* Sport Track */,
			);
		};
/* End PBXProject section */

/* Begin PBXResourcesBuildPhase section */
		0C3CA7932C5605C20096E94A /* Resources */ = {
			isa = PBXResourcesBuildPhase;
			buildActionMask = 2147483647;
			files = (
				0C3CA7A22C5605C30096E94A /* Assets.xcassets in Resources */,
				0C3CA7A52C5605C30096E94A /* Base in Resources */,
			);
			runOnlyForDeploymentPostprocessing = 0;
		};
/* End PBXResourcesBuildPhase section */

/* Begin PBXSourcesBuildPhase section */
		0C3CA7912C5605C20096E94A /* Sources */ = {
			isa = PBXSourcesBuildPhase;
			buildActionMask = 2147483647;
			files = (
				0C2794B02C5A8099002BCBA5 /* WeekView.swift in Sources */,
				0C2794B42C5A8E6C002BCBA5 /* Date + ext.swift in Sources */,
				0C3CA79D2C5605C20096E94A /* OverviewController.swift in Sources */,
				0C3CA7BC2C56260B0096E94A /* UIView + ext.swift in Sources */,
				0C2794AB2C5A5FF0002BCBA5 /* OverviewwNavBar.swift in Sources */,
				0C3CA7CA2C5689FB0096E94A /* WAButton.swift in Sources */,
				0C3CA7992C5605C20096E94A /* AppDelegate.swift in Sources */,
				0C3CA79B2C5605C20096E94A /* SceneDelegate.swift in Sources */,
				0C3CA7B62C561FB10096E94A /* NavBarController.swift in Sources */,
				0CF088632C63C57C00F16D42 /* BaseInfoView.swift in Sources */,
				0C3CA7C52C5628030096E94A /* ProgressController.swift in Sources */,
				0C3CA7B22C560E570096E94A /* UIColor + ext.swift in Sources */,
				0C3CA7C32C5627FA0096E94A /* SettingsController.swift in Sources */,
				0C3CA7B42C560EE80096E94A /* Resouces.swift in Sources */,
				0C3CA7B92C5621C80096E94A /* BaseController.swift in Sources */,
				0C2794AD2C5A6024002BCBA5 /* BaseView.swift in Sources */,
				0C2794B22C5A8251002BCBA5 /* WeekDayView.swift in Sources */,
				0C3CA7C72C56280E0096E94A /* SessionController.swift in Sources */,
				0C3CA7AF2C560D730096E94A /* TabBar.swift in Sources */,
			);
			runOnlyForDeploymentPostprocessing = 0;
		};
/* End PBXSourcesBuildPhase section */

/* Begin PBXVariantGroup section */
		0C3CA7A32C5605C30096E94A /* LaunchScreen.storyboard */ = {
			isa = PBXVariantGroup;
			children = (
				0C3CA7A42C5605C30096E94A /* Base */,
				0C4A167C2C5A95D50021A8A0 /* ru */,
			);
			name = LaunchScreen.storyboard;
			sourceTree = "<group>";
		};
/* End PBXVariantGroup section */

/* Begin XCBuildConfiguration section */
		0C3CA7A72C5605C30096E94A /* Debug */ = {
			isa = XCBuildConfiguration;
			buildSettings = {
				ALWAYS_SEARCH_USER_PATHS = NO;
				ASSETCATALOG_COMPILER_GENERATE_SWIFT_ASSET_SYMBOL_EXTENSIONS = YES;
				CLANG_ANALYZER_LOCALIZABILITY_NONLOCALIZED = YES;
				CLANG_ANALYZER_NONNULL = YES;
				CLANG_ANALYZER_NUMBER_OBJECT_CONVERSION = YES_AGGRESSIVE;
				CLANG_CXX_LANGUAGE_STANDARD = "gnu++20";
				CLANG_ENABLE_MODULES = YES;
				CLANG_ENABLE_OBJC_ARC = YES;
				CLANG_ENABLE_OBJC_WEAK = YES;
				CLANG_WARN_BLOCK_CAPTURE_AUTORELEASING = YES;
				CLANG_WARN_BOOL_CONVERSION = YES;
				CLANG_WARN_COMMA = YES;
				CLANG_WARN_CONSTANT_CONVERSION = YES;
				CLANG_WARN_DEPRECATED_OBJC_IMPLEMENTATIONS = YES;
				CLANG_WARN_DIRECT_OBJC_ISA_USAGE = YES_ERROR;
				CLANG_WARN_DOCUMENTATION_COMMENTS = YES;
				CLANG_WARN_EMPTY_BODY = YES;
				CLANG_WARN_ENUM_CONVERSION = YES;
				CLANG_WARN_INFINITE_RECURSION = YES;
				CLANG_WARN_INT_CONVERSION = YES;
				CLANG_WARN_NON_LITERAL_NULL_CONVERSION = YES;
				CLANG_WARN_OBJC_IMPLICIT_RETAIN_SELF = YES;
				CLANG_WARN_OBJC_LITERAL_CONVERSION = YES;
				CLANG_WARN_OBJC_ROOT_CLASS = YES_ERROR;
				CLANG_WARN_QUOTED_INCLUDE_IN_FRAMEWORK_HEADER = YES;
				CLANG_WARN_RANGE_LOOP_ANALYSIS = YES;
				CLANG_WARN_STRICT_PROTOTYPES = YES;
				CLANG_WARN_SUSPICIOUS_MOVE = YES;
				CLANG_WARN_UNGUARDED_AVAILABILITY = YES_AGGRESSIVE;
				CLANG_WARN_UNREACHABLE_CODE = YES;
				CLANG_WARN__DUPLICATE_METHOD_MATCH = YES;
				COPY_PHASE_STRIP = NO;
				DEBUG_INFORMATION_FORMAT = dwarf;
				ENABLE_STRICT_OBJC_MSGSEND = YES;
				ENABLE_TESTABILITY = YES;
				ENABLE_USER_SCRIPT_SANDBOXING = YES;
				GCC_C_LANGUAGE_STANDARD = gnu17;
				GCC_DYNAMIC_NO_PIC = NO;
				GCC_NO_COMMON_BLOCKS = YES;
				GCC_OPTIMIZATION_LEVEL = 0;
				GCC_PREPROCESSOR_DEFINITIONS = (
					"DEBUG=1",
					"$(inherited)",
				);
				GCC_WARN_64_TO_32_BIT_CONVERSION = YES;
				GCC_WARN_ABOUT_RETURN_TYPE = YES_ERROR;
				GCC_WARN_UNDECLARED_SELECTOR = YES;
				GCC_WARN_UNINITIALIZED_AUTOS = YES_AGGRESSIVE;
				GCC_WARN_UNUSED_FUNCTION = YES;
				GCC_WARN_UNUSED_VARIABLE = YES;
				IPHONEOS_DEPLOYMENT_TARGET = 17.4;
				LOCALIZATION_PREFERS_STRING_CATALOGS = YES;
				MTL_ENABLE_DEBUG_INFO = INCLUDE_SOURCE;
				MTL_FAST_MATH = YES;
				ONLY_ACTIVE_ARCH = YES;
				SDKROOT = iphoneos;
				SWIFT_ACTIVE_COMPILATION_CONDITIONS = "DEBUG $(inherited)";
				SWIFT_OPTIMIZATION_LEVEL = "-Onone";
			};
			name = Debug;
		};
		0C3CA7A82C5605C30096E94A /* Release */ = {
			isa = XCBuildConfiguration;
			buildSettings = {
				ALWAYS_SEARCH_USER_PATHS = NO;
				ASSETCATALOG_COMPILER_GENERATE_SWIFT_ASSET_SYMBOL_EXTENSIONS = YES;
				CLANG_ANALYZER_LOCALIZABILITY_NONLOCALIZED = YES;
				CLANG_ANALYZER_NONNULL = YES;
				CLANG_ANALYZER_NUMBER_OBJECT_CONVERSION = YES_AGGRESSIVE;
				CLANG_CXX_LANGUAGE_STANDARD = "gnu++20";
				CLANG_ENABLE_MODULES = YES;
				CLANG_ENABLE_OBJC_ARC = YES;
				CLANG_ENABLE_OBJC_WEAK = YES;
				CLANG_WARN_BLOCK_CAPTURE_AUTORELEASING = YES;
				CLANG_WARN_BOOL_CONVERSION = YES;
				CLANG_WARN_COMMA = YES;
				CLANG_WARN_CONSTANT_CONVERSION = YES;
				CLANG_WARN_DEPRECATED_OBJC_IMPLEMENTATIONS = YES;
				CLANG_WARN_DIRECT_OBJC_ISA_USAGE = YES_ERROR;
				CLANG_WARN_DOCUMENTATION_COMMENTS = YES;
				CLANG_WARN_EMPTY_BODY = YES;
				CLANG_WARN_ENUM_CONVERSION = YES;
				CLANG_WARN_INFINITE_RECURSION = YES;
				CLANG_WARN_INT_CONVERSION = YES;
				CLANG_WARN_NON_LITERAL_NULL_CONVERSION = YES;
				CLANG_WARN_OBJC_IMPLICIT_RETAIN_SELF = YES;
				CLANG_WARN_OBJC_LITERAL_CONVERSION = YES;
				CLANG_WARN_OBJC_ROOT_CLASS = YES_ERROR;
				CLANG_WARN_QUOTED_INCLUDE_IN_FRAMEWORK_HEADER = YES;
				CLANG_WARN_RANGE_LOOP_ANALYSIS = YES;
				CLANG_WARN_STRICT_PROTOTYPES = YES;
				CLANG_WARN_SUSPICIOUS_MOVE = YES;
				CLANG_WARN_UNGUARDED_AVAILABILITY = YES_AGGRESSIVE;
				CLANG_WARN_UNREACHABLE_CODE = YES;
				CLANG_WARN__DUPLICATE_METHOD_MATCH = YES;
				COPY_PHASE_STRIP = NO;
				DEBUG_INFORMATION_FORMAT = "dwarf-with-dsym";
				ENABLE_NS_ASSERTIONS = NO;
				ENABLE_STRICT_OBJC_MSGSEND = YES;
				ENABLE_USER_SCRIPT_SANDBOXING = YES;
				GCC_C_LANGUAGE_STANDARD = gnu17;
				GCC_NO_COMMON_BLOCKS = YES;
				GCC_WARN_64_TO_32_BIT_CONVERSION = YES;
				GCC_WARN_ABOUT_RETURN_TYPE = YES_ERROR;
				GCC_WARN_UNDECLARED_SELECTOR = YES;
				GCC_WARN_UNINITIALIZED_AUTOS = YES_AGGRESSIVE;
				GCC_WARN_UNUSED_FUNCTION = YES;
				GCC_WARN_UNUSED_VARIABLE = YES;
				IPHONEOS_DEPLOYMENT_TARGET = 17.4;
				LOCALIZATION_PREFERS_STRING_CATALOGS = YES;
				MTL_ENABLE_DEBUG_INFO = NO;
				MTL_FAST_MATH = YES;
				SDKROOT = iphoneos;
				SWIFT_COMPILATION_MODE = wholemodule;
				VALIDATE_PRODUCT = YES;
			};
			name = Release;
		};
		0C3CA7AA2C5605C30096E94A /* Debug */ = {
			isa = XCBuildConfiguration;
			buildSettings = {
				ASSETCATALOG_COMPILER_APPICON_NAME = AppIcon;
				ASSETCATALOG_COMPILER_GLOBAL_ACCENT_COLOR_NAME = AccentColor;
				CODE_SIGN_STYLE = Automatic;
				CURRENT_PROJECT_VERSION = 1;
				DEVELOPMENT_TEAM = 8YUV48A6RV;
				GENERATE_INFOPLIST_FILE = YES;
				INFOPLIST_FILE = "Sport Track/SupportingFiles/Info.plist";
				INFOPLIST_KEY_UIApplicationSupportsIndirectInputEvents = YES;
				INFOPLIST_KEY_UILaunchStoryboardName = LaunchScreen;
				INFOPLIST_KEY_UISupportedInterfaceOrientations = UIInterfaceOrientationPortrait;
				LD_RUNPATH_SEARCH_PATHS = (
					"$(inherited)",
					"@executable_path/Frameworks",
				);
				MARKETING_VERSION = 1.0;
				PRODUCT_BUNDLE_IDENTIFIER = "ru.Sport-Track";
				PRODUCT_NAME = "$(TARGET_NAME)";
				SUPPORTED_PLATFORMS = "iphoneos iphonesimulator";
				SUPPORTS_MACCATALYST = NO;
				SUPPORTS_MAC_DESIGNED_FOR_IPHONE_IPAD = NO;
				SUPPORTS_XR_DESIGNED_FOR_IPHONE_IPAD = NO;
				SWIFT_EMIT_LOC_STRINGS = YES;
				SWIFT_VERSION = 5.0;
				TARGETED_DEVICE_FAMILY = 1;
			};
			name = Debug;
		};
		0C3CA7AB2C5605C30096E94A /* Release */ = {
			isa = XCBuildConfiguration;
			buildSettings = {
				ASSETCATALOG_COMPILER_APPICON_NAME = AppIcon;
				ASSETCATALOG_COMPILER_GLOBAL_ACCENT_COLOR_NAME = AccentColor;
				CODE_SIGN_STYLE = Automatic;
				CURRENT_PROJECT_VERSION = 1;
				DEVELOPMENT_TEAM = 8YUV48A6RV;
				GENERATE_INFOPLIST_FILE = YES;
				INFOPLIST_FILE = "Sport Track/SupportingFiles/Info.plist";
				INFOPLIST_KEY_UIApplicationSupportsIndirectInputEvents = YES;
				INFOPLIST_KEY_UILaunchStoryboardName = LaunchScreen;
				INFOPLIST_KEY_UISupportedInterfaceOrientations = UIInterfaceOrientationPortrait;
				LD_RUNPATH_SEARCH_PATHS = (
					"$(inherited)",
					"@executable_path/Frameworks",
				);
				MARKETING_VERSION = 1.0;
				PRODUCT_BUNDLE_IDENTIFIER = "ru.Sport-Track";
				PRODUCT_NAME = "$(TARGET_NAME)";
				SUPPORTED_PLATFORMS = "iphoneos iphonesimulator";
				SUPPORTS_MACCATALYST = NO;
				SUPPORTS_MAC_DESIGNED_FOR_IPHONE_IPAD = NO;
				SUPPORTS_XR_DESIGNED_FOR_IPHONE_IPAD = NO;
				SWIFT_EMIT_LOC_STRINGS = YES;
				SWIFT_VERSION = 5.0;
				TARGETED_DEVICE_FAMILY = 1;
			};
			name = Release;
		};
/* End XCBuildConfiguration section */

/* Begin XCConfigurationList section */
		0C3CA7902C5605C10096E94A /* Build configuration list for PBXProject "Sport Track" */ = {
			isa = XCConfigurationList;
			buildConfigurations = (
				0C3CA7A72C5605C30096E94A /* Debug */,
				0C3CA7A82C5605C30096E94A /* Release */,
			);
			defaultConfigurationIsVisible = 0;
			defaultConfigurationName = Release;
		};
		0C3CA7A92C5605C30096E94A /* Build configuration list for PBXNativeTarget "Sport Track" */ = {
			isa = XCConfigurationList;
			buildConfigurations = (
				0C3CA7AA2C5605C30096E94A /* Debug */,
				0C3CA7AB2C5605C30096E94A /* Release */,
			);
			defaultConfigurationIsVisible = 0;
			defaultConfigurationName = Release;
		};
/* End XCConfigurationList section */
	};
	rootObject = 0C3CA78D2C5605C10096E94A /* Project object */;
}
